
Microsoft Visual Studio Solution File, Format Version 12.00
# Visual Studio Version 16
VisualStudioVersion = 16.0.33927.289
MinimumVisualStudioVersion = 10.0.40219.1
Project("{FAE04EC0-301F-11D3-BF4B-00C04F79EFBC}") = "chothuexe1", "chothuexe1.csproj", "{A5DF1339-8C01-46A1-89DB-086F097423BB}"
EndProject
Global
	GlobalSection(SolutionConfigurationPlatforms) = preSolution
		Debug|Any CPU = Debug|Any CPU
		Release|Any CPU = Release|Any CPU
	EndGlobalSection
	GlobalSection(ProjectConfigurationPlatforms) = postSolution
		{A5DF1339-8C01-46A1-89DB-086F097423BB}.Debug|Any CPU.ActiveCfg = Debug|Any CPU
		{A5DF1339-8C01-46A1-89DB-086F097423BB}.Debug|Any CPU.Build.0 = Debug|Any CPU
		{A5DF1339-8C01-46A1-89DB-086F097423BB}.Release|Any CPU.ActiveCfg = Release|Any CPU
		{A5DF1339-8C01-46A1-89DB-086F097423BB}.Release|Any CPU.Build.0 = Release|Any CPU
	EndGlobalSection
	GlobalSection(SolutionProperties) = preSolution
		HideSolutionNode = FALSE
	EndGlobalSection
	GlobalSection(ExtensibilityGlobals) = postSolution
		SolutionGuid = {65809006-A993-4A51-BFEC-776A73D283F2}
	EndGlobalSection
EndGlobal
